{
  "name": "extremum_gpx_ani",
  "lockfileVersion": 3,
  "requires": true,
  "packages": {
    "": {
      "dependencies": {
        "@types/telegram-web-app": "^9.0.0"
      }
    },
    "node_modules/@types/telegram-web-app": {
      "version": "9.0.0",
      "resolved": "https://registry.npmjs.org/@types/telegram-web-app/-/telegram-web-app-9.0.0.tgz",
      "integrity": "sha512-p5Fuom++tYbBnA6GF3SdXdkEbnVkcfhYn31518RMmkaPomTM64D9OtvFKl1vFdf1OYzoxVfmRoD3fNqHHRHI2w==",
      "license": "MIT"
    }
  }
}
